
Microsoft Visual Studio Solution File, Format Version 12.00
# Visual Studio Version 17
VisualStudioVersion = 17.13.35825.156 d17.13
MinimumVisualStudioVersion = 10.0.40219.1
Project("{FAE04EC0-301F-11D3-BF4B-00C04F79EFBC}") = "DMS.Demo.Git.Branching.GitHubFlow.MergePR.Bad02", "DMS.Demo.Git.Branching.GitHubFlow.MergePR.Bad02.csproj", "{F688B0B0-6ED1-4FFB-8A53-9A8EF2D619C1}"
EndProject
Global
	GlobalSection(SolutionConfigurationPlatforms) = preSolution
		Debug|Any CPU = Debug|Any CPU
		Release|Any CPU = Release|Any CPU
	EndGlobalSection
	GlobalSection(ProjectConfigurationPlatforms) = postSolution
		{F688B0B0-6ED1-4FFB-8A53-9A8EF2D619C1}.Debug|Any CPU.ActiveCfg = Debug|Any CPU
		{F688B0B0-6ED1-4FFB-8A53-9A8EF2D619C1}.Debug|Any CPU.Build.0 = Debug|Any CPU
		{F688B0B0-6ED1-4FFB-8A53-9A8EF2D619C1}.Release|Any CPU.ActiveCfg = Release|Any CPU
		{F688B0B0-6ED1-4FFB-8A53-9A8EF2D619C1}.Release|Any CPU.Build.0 = Release|Any CPU
	EndGlobalSection
	GlobalSection(SolutionProperties) = preSolution
		HideSolutionNode = FALSE
	EndGlobalSection
	GlobalSection(ExtensibilityGlobals) = postSolution
		SolutionGuid = {D246720C-7CD5-42B4-9BD7-B40F80CEACF9}
	EndGlobalSection
EndGlobal
